
Microsoft Visual Studio Solution File, Format Version 12.00
Project("{FAE04EC0-301F-11D3-BF4B-00C04F79EFBC}") = "OpenBioCardServer", "OpenBioCardServer\OpenBioCardServer.csproj", "{5AA393D0-BABC-44C1-8906-5D1712A5602B}"
EndProject
Global
	GlobalSection(SolutionConfigurationPlatforms) = preSolution
		Debug|Any CPU = Debug|Any CPU
		Release|Any CPU = Release|Any CPU
	EndGlobalSection
	GlobalSection(ProjectConfigurationPlatforms) = postSolution
		{5AA393D0-BABC-44C1-8906-5D1712A5602B}.Debug|Any CPU.ActiveCfg = Debug|Any CPU
		{5AA393D0-BABC-44C1-8906-5D1712A5602B}.Debug|Any CPU.Build.0 = Debug|Any CPU
		{5AA393D0-BABC-44C1-8906-5D1712A5602B}.Release|Any CPU.ActiveCfg = Release|Any CPU
		{5AA393D0-BABC-44C1-8906-5D1712A5602B}.Release|Any CPU.Build.0 = Release|Any CPU
	EndGlobalSection
EndGlobal
